
Microsoft Visual Studio Solution File, Format Version 12.00
# Visual Studio 15
VisualStudioVersion = 15.0.26730.12
MinimumVisualStudioVersion = 10.0.40219.1
Project("{FAE04EC0-301F-11D3-BF4B-00C04F79EFBC}") = "FirstAdventure", "FirstAdventure\FirstAdventure.csproj", "{9964A55D-08D0-4E51-AEEA-4142A3B64837}"
EndProject
Project("{FAE04EC0-301F-11D3-BF4B-00C04F79EFBC}") = "Engine", "Engine\Engine.csproj", "{EB927A6F-E4C1-42F2-ACC1-5F96CD2B08B0}"
EndProject
Global
	GlobalSection(SolutionConfigurationPlatforms) = preSolution
		Debug|Any CPU = Debug|Any CPU
		Release|Any CPU = Release|Any CPU
	EndGlobalSection
	GlobalSection(ProjectConfigurationPlatforms) = postSolution
		{9964A55D-08D0-4E51-AEEA-4142A3B64837}.Debug|Any CPU.ActiveCfg = Debug|Any CPU
		{9964A55D-08D0-4E51-AEEA-4142A3B64837}.Debug|Any CPU.Build.0 = Debug|Any CPU
		{9964A55D-08D0-4E51-AEEA-4142A3B64837}.Release|Any CPU.ActiveCfg = Release|Any CPU
		{9964A55D-08D0-4E51-AEEA-4142A3B64837}.Release|Any CPU.Build.0 = Release|Any CPU
		{EB927A6F-E4C1-42F2-ACC1-5F96CD2B08B0}.Debug|Any CPU.ActiveCfg = Debug|Any CPU
		{EB927A6F-E4C1-42F2-ACC1-5F96CD2B08B0}.Debug|Any CPU.Build.0 = Debug|Any CPU
		{EB927A6F-E4C1-42F2-ACC1-5F96CD2B08B0}.Release|Any CPU.ActiveCfg = Release|Any CPU
		{EB927A6F-E4C1-42F2-ACC1-5F96CD2B08B0}.Release|Any CPU.Build.0 = Release|Any CPU
	EndGlobalSection
	GlobalSection(SolutionProperties) = preSolution
		HideSolutionNode = FALSE
	EndGlobalSection
	GlobalSection(ExtensibilityGlobals) = postSolution
		SolutionGuid = {D65CE49F-5A29-4D39-B1C6-F3CB75F78B3C}
	EndGlobalSection
EndGlobal
